// !$*UTF8*$!
{
	archiveVersion = 1;
	classes = {
	};
	objectVersion = 46;
	objects = {

/* Begin PBXBuildFile section */
		466E8EB5D525CD91078FB4D9 /* Pods_ActivityTracker.framework in Frameworks */ = {isa = PBXBuildFile; fileRef = 8CC9EF2C87494E17CEBC0D47 /* Pods_ActivityTracker.framework */; };
		B937A30C1DDBAAFF00734833 /* ActivityTracker-Bridging-Header.h in Sources */ = {isa = PBXBuildFile; fileRef = B937A30B1DDBA9D700734833 /* ActivityTracker-Bridging-Header.h */; };
		B9E800D21DE09FC300E7D5DA /* MenuBarController.swift in Sources */ = {isa = PBXBuildFile; fileRef = B9E800D11DE09FC300E7D5DA /* MenuBarController.swift */; };
		B9E800D61DE0A3A000E7D5DA /* MagicalRecord.framework in Frameworks */ = {isa = PBXBuildFile; fileRef = B937A3061DDB9FD200734833 /* MagicalRecord.framework */; };
		B9E800D71DE0A3A400E7D5DA /* MagicalRecord.framework in Frameworks */ = {isa = PBXBuildFile; fileRef = B937A3061DDB9FD200734833 /* MagicalRecord.framework */; };
		B9E800D81DE0A3A400E7D5DA /* MagicalRecord.framework in Embed Frameworks */ = {isa = PBXBuildFile; fileRef = B937A3061DDB9FD200734833 /* MagicalRecord.framework */; settings = {ATTRIBUTES = (CodeSignOnCopy, RemoveHeadersOnCopy, ); }; };
		B9E800DB1DE0ABAD00E7D5DA /* SessionService.swift in Sources */ = {isa = PBXBuildFile; fileRef = B9E800DA1DE0ABAD00E7D5DA /* SessionService.swift */; };
		B9ED8B121DDA5AD10011FE25 /* AppDelegate.swift in Sources */ = {isa = PBXBuildFile; fileRef = B9ED8B111DDA5AD10011FE25 /* AppDelegate.swift */; };
		B9ED8B151DDA5AD10011FE25 /* ActivityTracker.xcdatamodeld in Sources */ = {isa = PBXBuildFile; fileRef = B9ED8B131DDA5AD10011FE25 /* ActivityTracker.xcdatamodeld */; };
		B9ED8B171DDA5AD10011FE25 /* Assets.xcassets in Resources */ = {isa = PBXBuildFile; fileRef = B9ED8B161DDA5AD10011FE25 /* Assets.xcassets */; };
		B9ED8B1A1DDA5AD10011FE25 /* MainMenu.xib in Resources */ = {isa = PBXBuildFile; fileRef = B9ED8B181DDA5AD10011FE25 /* MainMenu.xib */; };
		B9ED8B221DDA65580011FE25 /* SleepWakeController.swift in Sources */ = {isa = PBXBuildFile; fileRef = B9ED8B211DDA65580011FE25 /* SleepWakeController.swift */; };
/* End PBXBuildFile section */

/* Begin PBXCopyFilesBuildPhase section */
		B9E800D91DE0A3A400E7D5DA /* Embed Frameworks */ = {
			isa = PBXCopyFilesBuildPhase;
			buildActionMask = 2147483647;
			dstPath = "";
			dstSubfolderSpec = 10;
			files = (
				B9E800D81DE0A3A400E7D5DA /* MagicalRecord.framework in Embed Frameworks */,
			);
			name = "Embed Frameworks";
			runOnlyForDeploymentPostprocessing = 0;
		};
/* End PBXCopyFilesBuildPhase section */

/* Begin PBXFileReference section */
		00D6A5438E39CADFEC42B2A6 /* Pods-ActivityTracker.debug.xcconfig */ = {isa = PBXFileReference; includeInIndex = 1; lastKnownFileType = text.xcconfig; name = "Pods-ActivityTracker.debug.xcconfig"; path = "Pods/Target Support Files/Pods-ActivityTracker/Pods-ActivityTracker.debug.xcconfig"; sourceTree = "<group>"; };
		5EBAD05C168467EDE8736CA3 /* Pods-ActivityTracker.release.xcconfig */ = {isa = PBXFileReference; includeInIndex = 1; lastKnownFileType = text.xcconfig; name = "Pods-ActivityTracker.release.xcconfig"; path = "Pods/Target Support Files/Pods-ActivityTracker/Pods-ActivityTracker.release.xcconfig"; sourceTree = "<group>"; };
		8CC9EF2C87494E17CEBC0D47 /* Pods_ActivityTracker.framework */ = {isa = PBXFileReference; explicitFileType = wrapper.framework; includeInIndex = 0; path = Pods_ActivityTracker.framework; sourceTree = BUILT_PRODUCTS_DIR; };
		B937A3061DDB9FD200734833 /* MagicalRecord.framework */ = {isa = PBXFileReference; lastKnownFileType = wrapper.framework; name = MagicalRecord.framework; path = Carthage/Build/Mac/MagicalRecord.framework; sourceTree = SOURCE_ROOT; };
		B937A30B1DDBA9D700734833 /* ActivityTracker-Bridging-Header.h */ = {isa = PBXFileReference; fileEncoding = 4; lastKnownFileType = sourcecode.c.h; name = "ActivityTracker-Bridging-Header.h"; path = "ActivityTracker/ActivityTracker-Bridging-Header.h"; sourceTree = "<group>"; };
		B9E800CB1DE099D100E7D5DA /* CoreData.framework */ = {isa = PBXFileReference; lastKnownFileType = wrapper.framework; name = CoreData.framework; path = System/Library/Frameworks/CoreData.framework; sourceTree = SDKROOT; };
		B9E800D11DE09FC300E7D5DA /* MenuBarController.swift */ = {isa = PBXFileReference; fileEncoding = 4; lastKnownFileType = sourcecode.swift; path = MenuBarController.swift; sourceTree = "<group>"; };
		B9E800DA1DE0ABAD00E7D5DA /* SessionService.swift */ = {isa = PBXFileReference; fileEncoding = 4; lastKnownFileType = sourcecode.swift; path = SessionService.swift; sourceTree = "<group>"; };
		B9ED8B0E1DDA5AD10011FE25 /* ActivityTracker.app */ = {isa = PBXFileReference; explicitFileType = wrapper.application; includeInIndex = 0; path = ActivityTracker.app; sourceTree = BUILT_PRODUCTS_DIR; };
		B9ED8B111DDA5AD10011FE25 /* AppDelegate.swift */ = {isa = PBXFileReference; lastKnownFileType = sourcecode.swift; path = AppDelegate.swift; sourceTree = "<group>"; };
		B9ED8B141DDA5AD10011FE25 /* ActivityTracker.xcdatamodel */ = {isa = PBXFileReference; lastKnownFileType = wrapper.xcdatamodel; path = ActivityTracker.xcdatamodel; sourceTree = "<group>"; };
		B9ED8B161DDA5AD10011FE25 /* Assets.xcassets */ = {isa = PBXFileReference; lastKnownFileType = folder.assetcatalog; name = Assets.xcassets; path = ActivityTracker/Assets.xcassets; sourceTree = "<group>"; };
		B9ED8B191DDA5AD10011FE25 /* Base */ = {isa = PBXFileReference; lastKnownFileType = file.xib; name = Base; path = Base.lproj/MainMenu.xib; sourceTree = "<group>"; };
		B9ED8B1B1DDA5AD10011FE25 /* Info.plist */ = {isa = PBXFileReference; lastKnownFileType = text.plist.xml; name = Info.plist; path = ActivityTracker/Info.plist; sourceTree = "<group>"; };
		B9ED8B211DDA65580011FE25 /* SleepWakeController.swift */ = {isa = PBXFileReference; fileEncoding = 4; lastKnownFileType = sourcecode.swift; path = SleepWakeController.swift; sourceTree = "<group>"; };
/* End PBXFileReference section */

/* Begin PBXFrameworksBuildPhase section */
		B9ED8B0B1DDA5AD10011FE25 /* Frameworks */ = {
			isa = PBXFrameworksBuildPhase;
			buildActionMask = 2147483647;
			files = (
				B9E800D71DE0A3A400E7D5DA /* MagicalRecord.framework in Frameworks */,
				B9E800D61DE0A3A000E7D5DA /* MagicalRecord.framework in Frameworks */,
				466E8EB5D525CD91078FB4D9 /* Pods_ActivityTracker.framework in Frameworks */,
			);
			runOnlyForDeploymentPostprocessing = 0;
		};
/* End PBXFrameworksBuildPhase section */

/* Begin PBXGroup section */
		B937A3031DDB9F1900734833 /* Frameworks */ = {
			isa = PBXGroup;
			children = (
				B9E800CB1DE099D100E7D5DA /* CoreData.framework */,
				B937A3061DDB9FD200734833 /* MagicalRecord.framework */,
				8CC9EF2C87494E17CEBC0D47 /* Pods_ActivityTracker.framework */,
			);
			name = Frameworks;
			path = ActivityTracker;
			sourceTree = "<group>";
		};
		B937A3091DDBA7A200734833 /* Misc. */ = {
			isa = PBXGroup;
			children = (
				B937A30B1DDBA9D700734833 /* ActivityTracker-Bridging-Header.h */,
				B9ED8B131DDA5AD10011FE25 /* ActivityTracker.xcdatamodeld */,
				B9ED8B1B1DDA5AD10011FE25 /* Info.plist */,
				B9ED8B161DDA5AD10011FE25 /* Assets.xcassets */,
			);
			name = Misc.;
			sourceTree = "<group>";
		};
		B9E800CD1DE09EB500E7D5DA /* Controllers */ = {
			isa = PBXGroup;
			children = (
				B9ED8B211DDA65580011FE25 /* SleepWakeController.swift */,
				B9E800D11DE09FC300E7D5DA /* MenuBarController.swift */,
			);
			name = Controllers;
			sourceTree = "<group>";
		};
		B9E800CF1DE09EC300E7D5DA /* Views */ = {
			isa = PBXGroup;
			children = (
				B9ED8B181DDA5AD10011FE25 /* MainMenu.xib */,
			);
			name = Views;
			sourceTree = "<group>";
		};
		B9E800D01DE09EE700E7D5DA /* Services */ = {
			isa = PBXGroup;
			children = (
				B9E800DA1DE0ABAD00E7D5DA /* SessionService.swift */,
			);
			name = Services;
			sourceTree = "<group>";
		};
		B9ED8B051DDA5AD10011FE25 = {
			isa = PBXGroup;
			children = (
				B9ED8B101DDA5AD10011FE25 /* ActivityTracker */,
				B937A3031DDB9F1900734833 /* Frameworks */,
				B937A3091DDBA7A200734833 /* Misc. */,
				B9ED8B0F1DDA5AD10011FE25 /* Products */,
				FDCC9D229FEBCC863E19F139 /* Pods */,
			);
			sourceTree = "<group>";
		};
		B9ED8B0F1DDA5AD10011FE25 /* Products */ = {
			isa = PBXGroup;
			children = (
				B9ED8B0E1DDA5AD10011FE25 /* ActivityTracker.app */,
			);
			name = Products;
			sourceTree = "<group>";
		};
		B9ED8B101DDA5AD10011FE25 /* ActivityTracker */ = {
			isa = PBXGroup;
			children = (
				B9ED8B111DDA5AD10011FE25 /* AppDelegate.swift */,
				B9E800CD1DE09EB500E7D5DA /* Controllers */,
				B9E800CF1DE09EC300E7D5DA /* Views */,
				B9E800D01DE09EE700E7D5DA /* Services */,
			);
			path = ActivityTracker;
			sourceTree = "<group>";
		};
		FDCC9D229FEBCC863E19F139 /* Pods */ = {
			isa = PBXGroup;
			children = (
				00D6A5438E39CADFEC42B2A6 /* Pods-ActivityTracker.debug.xcconfig */,
				5EBAD05C168467EDE8736CA3 /* Pods-ActivityTracker.release.xcconfig */,
			);
			name = Pods;
			sourceTree = "<group>";
		};
/* End PBXGroup section */

/* Begin PBXNativeTarget section */
		B9ED8B0D1DDA5AD10011FE25 /* ActivityTracker */ = {
			isa = PBXNativeTarget;
			buildConfigurationList = B9ED8B1E1DDA5AD10011FE25 /* Build configuration list for PBXNativeTarget "ActivityTracker" */;
			buildPhases = (
				02D96A994EB0A8E6297AAE5B /* [CP] Check Pods Manifest.lock */,
				B9ED8B0A1DDA5AD10011FE25 /* Sources */,
				B9ED8B0B1DDA5AD10011FE25 /* Frameworks */,
				B9ED8B0C1DDA5AD10011FE25 /* Resources */,
				B9E800D91DE0A3A400E7D5DA /* Embed Frameworks */,
				F70255F57BEC5CEDE354DE9D /* [CP] Embed Pods Frameworks */,
				5D43CE8763FCFB393674091E /* [CP] Copy Pods Resources */,
			);
			buildRules = (
			);
			dependencies = (
			);
			name = ActivityTracker;
			productName = ActivityTracker;
			productReference = B9ED8B0E1DDA5AD10011FE25 /* ActivityTracker.app */;
			productType = "com.apple.product-type.application";
		};
/* End PBXNativeTarget section */

/* Begin PBXProject section */
		B9ED8B061DDA5AD10011FE25 /* Project object */ = {
			isa = PBXProject;
			attributes = {
				LastSwiftUpdateCheck = 0810;
				LastUpgradeCheck = 0810;
				ORGANIZATIONNAME = "Cathal O Cuimin";
				TargetAttributes = {
					B9ED8B0D1DDA5AD10011FE25 = {
						CreatedOnToolsVersion = 8.1;
						DevelopmentTeam = 3W4QL7F769;
						ProvisioningStyle = Automatic;
					};
				};
			};
			buildConfigurationList = B9ED8B091DDA5AD10011FE25 /* Build configuration list for PBXProject "ActivityTracker" */;
			compatibilityVersion = "Xcode 3.2";
			developmentRegion = English;
			hasScannedForEncodings = 0;
			knownRegions = (
				en,
				Base,
			);
			mainGroup = B9ED8B051DDA5AD10011FE25;
			productRefGroup = B9ED8B0F1DDA5AD10011FE25 /* Products */;
			projectDirPath = "";
			projectRoot = "";
			targets = (
				B9ED8B0D1DDA5AD10011FE25 /* ActivityTracker */,
			);
		};
/* End PBXProject section */

/* Begin PBXResourcesBuildPhase section */
		B9ED8B0C1DDA5AD10011FE25 /* Resources */ = {
			isa = PBXResourcesBuildPhase;
			buildActionMask = 2147483647;
			files = (
				B9ED8B171DDA5AD10011FE25 /* Assets.xcassets in Resources */,
				B9ED8B1A1DDA5AD10011FE25 /* MainMenu.xib in Resources */,
			);
			runOnlyForDeploymentPostprocessing = 0;
		};
/* End PBXResourcesBuildPhase section */

/* Begin PBXShellScriptBuildPhase section */
		02D96A994EB0A8E6297AAE5B /* [CP] Check Pods Manifest.lock */ = {
			isa = PBXShellScriptBuildPhase;
			buildActionMask = 2147483647;
			files = (
			);
			inputPaths = (
			);
			name = "[CP] Check Pods Manifest.lock";
			outputPaths = (
			);
			runOnlyForDeploymentPostprocessing = 0;
			shellPath = /bin/sh;
			shellScript = "diff \"${PODS_ROOT}/../Podfile.lock\" \"${PODS_ROOT}/Manifest.lock\" > /dev/null\nif [ $? != 0 ] ; then\n    # print error to STDERR\n    echo \"error: The sandbox is not in sync with the Podfile.lock. Run 'pod install' or update your CocoaPods installation.\" >&2\n    exit 1\nfi\n";
			showEnvVarsInLog = 0;
		};
		5D43CE8763FCFB393674091E /* [CP] Copy Pods Resources */ = {
			isa = PBXShellScriptBuildPhase;
			buildActionMask = 2147483647;
			files = (
			);
			inputPaths = (
			);
			name = "[CP] Copy Pods Resources";
			outputPaths = (
			);
			runOnlyForDeploymentPostprocessing = 0;
			shellPath = /bin/sh;
			shellScript = "\"${SRCROOT}/Pods/Target Support Files/Pods-ActivityTracker/Pods-ActivityTracker-resources.sh\"\n";
			showEnvVarsInLog = 0;
		};
		F70255F57BEC5CEDE354DE9D /* [CP] Embed Pods Frameworks */ = {
			isa = PBXShellScriptBuildPhase;
			buildActionMask = 2147483647;
			files = (
			);
			inputPaths = (
			);
			name = "[CP] Embed Pods Frameworks";
			outputPaths = (
			);
			runOnlyForDeploymentPostprocessing = 0;
			shellPath = /bin/sh;
			shellScript = "\"${SRCROOT}/Pods/Target Support Files/Pods-ActivityTracker/Pods-ActivityTracker-frameworks.sh\"\n";
			showEnvVarsInLog = 0;
		};
/* End PBXShellScriptBuildPhase section */

/* Begin PBXSourcesBuildPhase section */
		B9ED8B0A1DDA5AD10011FE25 /* Sources */ = {
			isa = PBXSourcesBuildPhase;
			buildActionMask = 2147483647;
			files = (
				B9E800DB1DE0ABAD00E7D5DA /* SessionService.swift in Sources */,
				B937A30C1DDBAAFF00734833 /* ActivityTracker-Bridging-Header.h in Sources */,
				B9ED8B221DDA65580011FE25 /* SleepWakeController.swift in Sources */,
				B9ED8B121DDA5AD10011FE25 /* AppDelegate.swift in Sources */,
				B9ED8B151DDA5AD10011FE25 /* ActivityTracker.xcdatamodeld in Sources */,
				B9E800D21DE09FC300E7D5DA /* MenuBarController.swift in Sources */,
			);
			runOnlyForDeploymentPostprocessing = 0;
		};
/* End PBXSourcesBuildPhase section */

/* Begin PBXVariantGroup section */
		B9ED8B181DDA5AD10011FE25 /* MainMenu.xib */ = {
			isa = PBXVariantGroup;
			children = (
				B9ED8B191DDA5AD10011FE25 /* Base */,
			);
			name = MainMenu.xib;
			sourceTree = "<group>";
		};
/* End PBXVariantGroup section */

/* Begin XCBuildConfiguration section */
		B9ED8B1C1DDA5AD10011FE25 /* Debug */ = {
			isa = XCBuildConfiguration;
			buildSettings = {
				ALWAYS_SEARCH_USER_PATHS = NO;
				CLANG_ANALYZER_NONNULL = YES;
				CLANG_CXX_LANGUAGE_STANDARD = "gnu++0x";
				CLANG_CXX_LIBRARY = "libc++";
				CLANG_ENABLE_MODULES = YES;
				CLANG_ENABLE_OBJC_ARC = YES;
				CLANG_WARN_BOOL_CONVERSION = YES;
				CLANG_WARN_CONSTANT_CONVERSION = YES;
				CLANG_WARN_DIRECT_OBJC_ISA_USAGE = YES_ERROR;
				CLANG_WARN_DOCUMENTATION_COMMENTS = YES;
				CLANG_WARN_EMPTY_BODY = YES;
				CLANG_WARN_ENUM_CONVERSION = YES;
				CLANG_WARN_INFINITE_RECURSION = YES;
				CLANG_WARN_INT_CONVERSION = YES;
				CLANG_WARN_OBJC_ROOT_CLASS = YES_ERROR;
				CLANG_WARN_SUSPICIOUS_MOVES = YES;
				CLANG_WARN_UNREACHABLE_CODE = YES;
				CLANG_WARN__DUPLICATE_METHOD_MATCH = YES;
				CODE_SIGN_IDENTITY = "-";
				COPY_PHASE_STRIP = NO;
				DEBUG_INFORMATION_FORMAT = dwarf;
				ENABLE_STRICT_OBJC_MSGSEND = YES;
				ENABLE_TESTABILITY = YES;
				GCC_C_LANGUAGE_STANDARD = gnu99;
				GCC_DYNAMIC_NO_PIC = NO;
				GCC_NO_COMMON_BLOCKS = YES;
				GCC_OPTIMIZATION_LEVEL = 0;
				GCC_PREPROCESSOR_DEFINITIONS = (
					"DEBUG=1",
					"$(inherited)",
				);
				GCC_WARN_64_TO_32_BIT_CONVERSION = YES;
				GCC_WARN_ABOUT_RETURN_TYPE = YES_ERROR;
				GCC_WARN_UNDECLARED_SELECTOR = YES;
				GCC_WARN_UNINITIALIZED_AUTOS = YES_AGGRESSIVE;
				GCC_WARN_UNUSED_FUNCTION = YES;
				GCC_WARN_UNUSED_VARIABLE = YES;
				MACOSX_DEPLOYMENT_TARGET = 10.12;
				MTL_ENABLE_DEBUG_INFO = YES;
				ONLY_ACTIVE_ARCH = YES;
				SDKROOT = macosx;
				SWIFT_ACTIVE_COMPILATION_CONDITIONS = DEBUG;
				SWIFT_OPTIMIZATION_LEVEL = "-Onone";
			};
			name = Debug;
		};
		B9ED8B1D1DDA5AD10011FE25 /* Release */ = {
			isa = XCBuildConfiguration;
			buildSettings = {
				ALWAYS_SEARCH_USER_PATHS = NO;
				CLANG_ANALYZER_NONNULL = YES;
				CLANG_CXX_LANGUAGE_STANDARD = "gnu++0x";
				CLANG_CXX_LIBRARY = "libc++";
				CLANG_ENABLE_MODULES = YES;
				CLANG_ENABLE_OBJC_ARC = YES;
				CLANG_WARN_BOOL_CONVERSION = YES;
				CLANG_WARN_CONSTANT_CONVERSION = YES;
				CLANG_WARN_DIRECT_OBJC_ISA_USAGE = YES_ERROR;
				CLANG_WARN_DOCUMENTATION_COMMENTS = YES;
				CLANG_WARN_EMPTY_BODY = YES;
				CLANG_WARN_ENUM_CONVERSION = YES;
				CLANG_WARN_INFINITE_RECURSION = YES;
				CLANG_WARN_INT_CONVERSION = YES;
				CLANG_WARN_OBJC_ROOT_CLASS = YES_ERROR;
				CLANG_WARN_SUSPICIOUS_MOVES = YES;
				CLANG_WARN_UNREACHABLE_CODE = YES;
				CLANG_WARN__DUPLICATE_METHOD_MATCH = YES;
				CODE_SIGN_IDENTITY = "-";
				COPY_PHASE_STRIP = NO;
				DEBUG_INFORMATION_FORMAT = "dwarf-with-dsym";
				ENABLE_NS_ASSERTIONS = NO;
				ENABLE_STRICT_OBJC_MSGSEND = YES;
				GCC_C_LANGUAGE_STANDARD = gnu99;
				GCC_NO_COMMON_BLOCKS = YES;
				GCC_WARN_64_TO_32_BIT_CONVERSION = YES;
				GCC_WARN_ABOUT_RETURN_TYPE = YES_ERROR;
				GCC_WARN_UNDECLARED_SELECTOR = YES;
				GCC_WARN_UNINITIALIZED_AUTOS = YES_AGGRESSIVE;
				GCC_WARN_UNUSED_FUNCTION = YES;
				GCC_WARN_UNUSED_VARIABLE = YES;
				MACOSX_DEPLOYMENT_TARGET = 10.12;
				MTL_ENABLE_DEBUG_INFO = NO;
				SDKROOT = macosx;
				SWIFT_OPTIMIZATION_LEVEL = "-Owholemodule";
			};
			name = Release;
		};
		B9ED8B1F1DDA5AD10011FE25 /* Debug */ = {
			isa = XCBuildConfiguration;
			baseConfigurationReference = 00D6A5438E39CADFEC42B2A6 /* Pods-ActivityTracker.debug.xcconfig */;
			buildSettings = {
				ASSETCATALOG_COMPILER_APPICON_NAME = AppIcon;
				CODE_SIGN_IDENTITY = "Mac Developer";
				COMBINE_HIDPI_IMAGES = YES;
				DEVELOPMENT_TEAM = 3W4QL7F769;
				FRAMEWORK_SEARCH_PATHS = (
					"$(inherited)",
					"$(PROJECT_DIR)/ActivityTracker",
					"$(PROJECT_DIR)/Carthage/Build/Mac",
				);
				INFOPLIST_FILE = ActivityTracker/Info.plist;
				LD_RUNPATH_SEARCH_PATHS = "$(inherited) @executable_path/../Frameworks";
				PRODUCT_BUNDLE_IDENTIFIER = com.cathaloc.ActivityTracker;
				PRODUCT_NAME = "$(TARGET_NAME)";
				SWIFT_OBJC_BRIDGING_HEADER = "ActivityTracker/ActivityTracker-Bridging-Header.h";
				SWIFT_VERSION = 3.0;
			};
			name = Debug;
		};
		B9ED8B201DDA5AD10011FE25 /* Release */ = {
			isa = XCBuildConfiguration;
			baseConfigurationReference = 5EBAD05C168467EDE8736CA3 /* Pods-ActivityTracker.release.xcconfig */;
			buildSettings = {
				ASSETCATALOG_COMPILER_APPICON_NAME = AppIcon;
				CODE_SIGN_IDENTITY = "Mac Developer";
				COMBINE_HIDPI_IMAGES = YES;
				DEVELOPMENT_TEAM = 3W4QL7F769;
				FRAMEWORK_SEARCH_PATHS = (
					"$(inherited)",
					"$(PROJECT_DIR)/ActivityTracker",
					"$(PROJECT_DIR)/Carthage/Build/Mac",
				);
				INFOPLIST_FILE = ActivityTracker/Info.plist;
				LD_RUNPATH_SEARCH_PATHS = "$(inherited) @executable_path/../Frameworks";
				PRODUCT_BUNDLE_IDENTIFIER = com.cathaloc.ActivityTracker;
				PRODUCT_NAME = "$(TARGET_NAME)";
				SWIFT_OBJC_BRIDGING_HEADER = "ActivityTracker/ActivityTracker-Bridging-Header.h";
				SWIFT_VERSION = 3.0;
			};
			name = Release;
		};
/* End XCBuildConfiguration section */

/* Begin XCConfigurationList section */
		B9ED8B091DDA5AD10011FE25 /* Build configuration list for PBXProject "ActivityTracker" */ = {
			isa = XCConfigurationList;
			buildConfigurations = (
				B9ED8B1C1DDA5AD10011FE25 /* Debug */,
				B9ED8B1D1DDA5AD10011FE25 /* Release */,
			);
			defaultConfigurationIsVisible = 0;
			defaultConfigurationName = Release;
		};
		B9ED8B1E1DDA5AD10011FE25 /* Build configuration list for PBXNativeTarget "ActivityTracker" */ = {
			isa = XCConfigurationList;
			buildConfigurations = (
				B9ED8B1F1DDA5AD10011FE25 /* Debug */,
				B9ED8B201DDA5AD10011FE25 /* Release */,
			);
			defaultConfigurationIsVisible = 0;
			defaultConfigurationName = Release;
		};
/* End XCConfigurationList section */

/* Begin XCVersionGroup section */
		B9ED8B131DDA5AD10011FE25 /* ActivityTracker.xcdatamodeld */ = {
			isa = XCVersionGroup;
			children = (
				B9ED8B141DDA5AD10011FE25 /* ActivityTracker.xcdatamodel */,
			);
			currentVersion = B9ED8B141DDA5AD10011FE25 /* ActivityTracker.xcdatamodel */;
			name = ActivityTracker.xcdatamodeld;
			path = ActivityTracker/ActivityTracker.xcdatamodeld;
			sourceTree = "<group>";
			versionGroupType = wrapper.xcdatamodel;
		};
/* End XCVersionGroup section */
	};
	rootObject = B9ED8B061DDA5AD10011FE25 /* Project object */;
}
