// !$*UTF8*$!
{
	archiveVersion = 1;
	classes = {
	};
	objectVersion = 46;
	objects = {

/* Begin PBXBuildFile section */
		B9ED8B121DDA5AD10011FE25 /* AppDelegate.swift in Sources */ = {isa = PBXBuildFile; fileRef = B9ED8B111DDA5AD10011FE25 /* AppDelegate.swift */; };
		B9ED8B151DDA5AD10011FE25 /* ActivityTracker.xcdatamodeld in Sources */ = {isa = PBXBuildFile; fileRef = B9ED8B131DDA5AD10011FE25 /* ActivityTracker.xcdatamodeld */; };
		B9ED8B171DDA5AD10011FE25 /* Assets.xcassets in Resources */ = {isa = PBXBuildFile; fileRef = B9ED8B161DDA5AD10011FE25 /* Assets.xcassets */; };
		B9ED8B1A1DDA5AD10011FE25 /* MainMenu.xib in Resources */ = {isa = PBXBuildFile; fileRef = B9ED8B181DDA5AD10011FE25 /* MainMenu.xib */; };
		B9ED8B221DDA65580011FE25 /* StatusMenuController.swift in Sources */ = {isa = PBXBuildFile; fileRef = B9ED8B211DDA65580011FE25 /* StatusMenuController.swift */; };
/* End PBXBuildFile section */

/* Begin PBXFileReference section */
		B9ED8B0E1DDA5AD10011FE25 /* ActivityTracker.app */ = {isa = PBXFileReference; explicitFileType = wrapper.application; includeInIndex = 0; path = ActivityTracker.app; sourceTree = BUILT_PRODUCTS_DIR; };
		B9ED8B111DDA5AD10011FE25 /* AppDelegate.swift */ = {isa = PBXFileReference; lastKnownFileType = sourcecode.swift; path = AppDelegate.swift; sourceTree = "<group>"; };
		B9ED8B141DDA5AD10011FE25 /* ActivityTracker.xcdatamodel */ = {isa = PBXFileReference; lastKnownFileType = wrapper.xcdatamodel; path = ActivityTracker.xcdatamodel; sourceTree = "<group>"; };
		B9ED8B161DDA5AD10011FE25 /* Assets.xcassets */ = {isa = PBXFileReference; lastKnownFileType = folder.assetcatalog; path = Assets.xcassets; sourceTree = "<group>"; };
		B9ED8B191DDA5AD10011FE25 /* Base */ = {isa = PBXFileReference; lastKnownFileType = file.xib; name = Base; path = Base.lproj/MainMenu.xib; sourceTree = "<group>"; };
		B9ED8B1B1DDA5AD10011FE25 /* Info.plist */ = {isa = PBXFileReference; lastKnownFileType = text.plist.xml; path = Info.plist; sourceTree = "<group>"; };
		B9ED8B211DDA65580011FE25 /* StatusMenuController.swift */ = {isa = PBXFileReference; fileEncoding = 4; lastKnownFileType = sourcecode.swift; path = StatusMenuController.swift; sourceTree = "<group>"; };
/* End PBXFileReference section */

/* Begin PBXFrameworksBuildPhase section */
		B9ED8B0B1DDA5AD10011FE25 /* Frameworks */ = {
			isa = PBXFrameworksBuildPhase;
			buildActionMask = 2147483647;
			files = (
			);
			runOnlyForDeploymentPostprocessing = 0;
		};
/* End PBXFrameworksBuildPhase section */

/* Begin PBXGroup section */
		B9ED8B051DDA5AD10011FE25 = {
			isa = PBXGroup;
			children = (
				B9ED8B101DDA5AD10011FE25 /* ActivityTracker */,
				B9ED8B0F1DDA5AD10011FE25 /* Products */,
			);
			sourceTree = "<group>";
		};
		B9ED8B0F1DDA5AD10011FE25 /* Products */ = {
			isa = PBXGroup;
			children = (
				B9ED8B0E1DDA5AD10011FE25 /* ActivityTracker.app */,
			);
			name = Products;
			sourceTree = "<group>";
		};
		B9ED8B101DDA5AD10011FE25 /* ActivityTracker */ = {
			isa = PBXGroup;
			children = (
				B9ED8B111DDA5AD10011FE25 /* AppDelegate.swift */,
				B9ED8B161DDA5AD10011FE25 /* Assets.xcassets */,
				B9ED8B181DDA5AD10011FE25 /* MainMenu.xib */,
				B9ED8B1B1DDA5AD10011FE25 /* Info.plist */,
				B9ED8B131DDA5AD10011FE25 /* ActivityTracker.xcdatamodeld */,
				B9ED8B211DDA65580011FE25 /* StatusMenuController.swift */,
			);
			path = ActivityTracker;
			sourceTree = "<group>";
		};
/* End PBXGroup section */

/* Begin PBXNativeTarget section */
		B9ED8B0D1DDA5AD10011FE25 /* ActivityTracker */ = {
			isa = PBXNativeTarget;
			buildConfigurationList = B9ED8B1E1DDA5AD10011FE25 /* Build configuration list for PBXNativeTarget "ActivityTracker" */;
			buildPhases = (
				B9ED8B0A1DDA5AD10011FE25 /* Sources */,
				B9ED8B0B1DDA5AD10011FE25 /* Frameworks */,
				B9ED8B0C1DDA5AD10011FE25 /* Resources */,
			);
			buildRules = (
			);
			dependencies = (
			);
			name = ActivityTracker;
			productName = ActivityTracker;
			productReference = B9ED8B0E1DDA5AD10011FE25 /* ActivityTracker.app */;
			productType = "com.apple.product-type.application";
		};
/* End PBXNativeTarget section */

/* Begin PBXProject section */
		B9ED8B061DDA5AD10011FE25 /* Project object */ = {
			isa = PBXProject;
			attributes = {
				LastSwiftUpdateCheck = 0810;
				LastUpgradeCheck = 0810;
				ORGANIZATIONNAME = "Cathal O Cuimin";
				TargetAttributes = {
					B9ED8B0D1DDA5AD10011FE25 = {
						CreatedOnToolsVersion = 8.1;
						DevelopmentTeam = 3W4QL7F769;
						ProvisioningStyle = Automatic;
					};
				};
			};
			buildConfigurationList = B9ED8B091DDA5AD10011FE25 /* Build configuration list for PBXProject "ActivityTracker" */;
			compatibilityVersion = "Xcode 3.2";
			developmentRegion = English;
			hasScannedForEncodings = 0;
			knownRegions = (
				en,
				Base,
			);
			mainGroup = B9ED8B051DDA5AD10011FE25;
			productRefGroup = B9ED8B0F1DDA5AD10011FE25 /* Products */;
			projectDirPath = "";
			projectRoot = "";
			targets = (
				B9ED8B0D1DDA5AD10011FE25 /* ActivityTracker */,
			);
		};
/* End PBXProject section */

/* Begin PBXResourcesBuildPhase section */
		B9ED8B0C1DDA5AD10011FE25 /* Resources */ = {
			isa = PBXResourcesBuildPhase;
			buildActionMask = 2147483647;
			files = (
				B9ED8B171DDA5AD10011FE25 /* Assets.xcassets in Resources */,
				B9ED8B1A1DDA5AD10011FE25 /* MainMenu.xib in Resources */,
			);
			runOnlyForDeploymentPostprocessing = 0;
		};
/* End PBXResourcesBuildPhase section */

/* Begin PBXSourcesBuildPhase section */
		B9ED8B0A1DDA5AD10011FE25 /* Sources */ = {
			isa = PBXSourcesBuildPhase;
			buildActionMask = 2147483647;
			files = (
				B9ED8B221DDA65580011FE25 /* StatusMenuController.swift in Sources */,
				B9ED8B121DDA5AD10011FE25 /* AppDelegate.swift in Sources */,
				B9ED8B151DDA5AD10011FE25 /* ActivityTracker.xcdatamodeld in Sources */,
			);
			runOnlyForDeploymentPostprocessing = 0;
		};
/* End PBXSourcesBuildPhase section */

/* Begin PBXVariantGroup section */
		B9ED8B181DDA5AD10011FE25 /* MainMenu.xib */ = {
			isa = PBXVariantGroup;
			children = (
				B9ED8B191DDA5AD10011FE25 /* Base */,
			);
			name = MainMenu.xib;
			sourceTree = "<group>";
		};
/* End PBXVariantGroup section */

/* Begin XCBuildConfiguration section */
		B9ED8B1C1DDA5AD10011FE25 /* Debug */ = {
			isa = XCBuildConfiguration;
			buildSettings = {
				ALWAYS_SEARCH_USER_PATHS = NO;
				CLANG_ANALYZER_NONNULL = YES;
				CLANG_CXX_LANGUAGE_STANDARD = "gnu++0x";
				CLANG_CXX_LIBRARY = "libc++";
				CLANG_ENABLE_MODULES = YES;
				CLANG_ENABLE_OBJC_ARC = YES;
				CLANG_WARN_BOOL_CONVERSION = YES;
				CLANG_WARN_CONSTANT_CONVERSION = YES;
				CLANG_WARN_DIRECT_OBJC_ISA_USAGE = YES_ERROR;
				CLANG_WARN_DOCUMENTATION_COMMENTS = YES;
				CLANG_WARN_EMPTY_BODY = YES;
				CLANG_WARN_ENUM_CONVERSION = YES;
				CLANG_WARN_INFINITE_RECURSION = YES;
				CLANG_WARN_INT_CONVERSION = YES;
				CLANG_WARN_OBJC_ROOT_CLASS = YES_ERROR;
				CLANG_WARN_SUSPICIOUS_MOVES = YES;
				CLANG_WARN_UNREACHABLE_CODE = YES;
				CLANG_WARN__DUPLICATE_METHOD_MATCH = YES;
				CODE_SIGN_IDENTITY = "-";
				COPY_PHASE_STRIP = NO;
				DEBUG_INFORMATION_FORMAT = dwarf;
				ENABLE_STRICT_OBJC_MSGSEND = YES;
				ENABLE_TESTABILITY = YES;
				GCC_C_LANGUAGE_STANDARD = gnu99;
				GCC_DYNAMIC_NO_PIC = NO;
				GCC_NO_COMMON_BLOCKS = YES;
				GCC_OPTIMIZATION_LEVEL = 0;
				GCC_PREPROCESSOR_DEFINITIONS = (
					"DEBUG=1",
					"$(inherited)",
				);
				GCC_WARN_64_TO_32_BIT_CONVERSION = YES;
				GCC_WARN_ABOUT_RETURN_TYPE = YES_ERROR;
				GCC_WARN_UNDECLARED_SELECTOR = YES;
				GCC_WARN_UNINITIALIZED_AUTOS = YES_AGGRESSIVE;
				GCC_WARN_UNUSED_FUNCTION = YES;
				GCC_WARN_UNUSED_VARIABLE = YES;
				MACOSX_DEPLOYMENT_TARGET = 10.12;
				MTL_ENABLE_DEBUG_INFO = YES;
				ONLY_ACTIVE_ARCH = YES;
				SDKROOT = macosx;
				SWIFT_ACTIVE_COMPILATION_CONDITIONS = DEBUG;
				SWIFT_OPTIMIZATION_LEVEL = "-Onone";
			};
			name = Debug;
		};
		B9ED8B1D1DDA5AD10011FE25 /* Release */ = {
			isa = XCBuildConfiguration;
			buildSettings = {
				ALWAYS_SEARCH_USER_PATHS = NO;
				CLANG_ANALYZER_NONNULL = YES;
				CLANG_CXX_LANGUAGE_STANDARD = "gnu++0x";
				CLANG_CXX_LIBRARY = "libc++";
				CLANG_ENABLE_MODULES = YES;
				CLANG_ENABLE_OBJC_ARC = YES;
				CLANG_WARN_BOOL_CONVERSION = YES;
				CLANG_WARN_CONSTANT_CONVERSION = YES;
				CLANG_WARN_DIRECT_OBJC_ISA_USAGE = YES_ERROR;
				CLANG_WARN_DOCUMENTATION_COMMENTS = YES;
				CLANG_WARN_EMPTY_BODY = YES;
				CLANG_WARN_ENUM_CONVERSION = YES;
				CLANG_WARN_INFINITE_RECURSION = YES;
				CLANG_WARN_INT_CONVERSION = YES;
				CLANG_WARN_OBJC_ROOT_CLASS = YES_ERROR;
				CLANG_WARN_SUSPICIOUS_MOVES = YES;
				CLANG_WARN_UNREACHABLE_CODE = YES;
				CLANG_WARN__DUPLICATE_METHOD_MATCH = YES;
				CODE_SIGN_IDENTITY = "-";
				COPY_PHASE_STRIP = NO;
				DEBUG_INFORMATION_FORMAT = "dwarf-with-dsym";
				ENABLE_NS_ASSERTIONS = NO;
				ENABLE_STRICT_OBJC_MSGSEND = YES;
				GCC_C_LANGUAGE_STANDARD = gnu99;
				GCC_NO_COMMON_BLOCKS = YES;
				GCC_WARN_64_TO_32_BIT_CONVERSION = YES;
				GCC_WARN_ABOUT_RETURN_TYPE = YES_ERROR;
				GCC_WARN_UNDECLARED_SELECTOR = YES;
				GCC_WARN_UNINITIALIZED_AUTOS = YES_AGGRESSIVE;
				GCC_WARN_UNUSED_FUNCTION = YES;
				GCC_WARN_UNUSED_VARIABLE = YES;
				MACOSX_DEPLOYMENT_TARGET = 10.12;
				MTL_ENABLE_DEBUG_INFO = NO;
				SDKROOT = macosx;
				SWIFT_OPTIMIZATION_LEVEL = "-Owholemodule";
			};
			name = Release;
		};
		B9ED8B1F1DDA5AD10011FE25 /* Debug */ = {
			isa = XCBuildConfiguration;
			buildSettings = {
				ASSETCATALOG_COMPILER_APPICON_NAME = AppIcon;
				CODE_SIGN_IDENTITY = "Mac Developer";
				COMBINE_HIDPI_IMAGES = YES;
				DEVELOPMENT_TEAM = 3W4QL7F769;
				INFOPLIST_FILE = ActivityTracker/Info.plist;
				LD_RUNPATH_SEARCH_PATHS = "$(inherited) @executable_path/../Frameworks";
				PRODUCT_BUNDLE_IDENTIFIER = com.cathaloc.ActivityTracker;
				PRODUCT_NAME = "$(TARGET_NAME)";
				SWIFT_VERSION = 3.0;
			};
			name = Debug;
		};
		B9ED8B201DDA5AD10011FE25 /* Release */ = {
			isa = XCBuildConfiguration;
			buildSettings = {
				ASSETCATALOG_COMPILER_APPICON_NAME = AppIcon;
				CODE_SIGN_IDENTITY = "Mac Developer";
				COMBINE_HIDPI_IMAGES = YES;
				DEVELOPMENT_TEAM = 3W4QL7F769;
				INFOPLIST_FILE = ActivityTracker/Info.plist;
				LD_RUNPATH_SEARCH_PATHS = "$(inherited) @executable_path/../Frameworks";
				PRODUCT_BUNDLE_IDENTIFIER = com.cathaloc.ActivityTracker;
				PRODUCT_NAME = "$(TARGET_NAME)";
				SWIFT_VERSION = 3.0;
			};
			name = Release;
		};
/* End XCBuildConfiguration section */

/* Begin XCConfigurationList section */
		B9ED8B091DDA5AD10011FE25 /* Build configuration list for PBXProject "ActivityTracker" */ = {
			isa = XCConfigurationList;
			buildConfigurations = (
				B9ED8B1C1DDA5AD10011FE25 /* Debug */,
				B9ED8B1D1DDA5AD10011FE25 /* Release */,
			);
			defaultConfigurationIsVisible = 0;
			defaultConfigurationName = Release;
		};
		B9ED8B1E1DDA5AD10011FE25 /* Build configuration list for PBXNativeTarget "ActivityTracker" */ = {
			isa = XCConfigurationList;
			buildConfigurations = (
				B9ED8B1F1DDA5AD10011FE25 /* Debug */,
				B9ED8B201DDA5AD10011FE25 /* Release */,
			);
			defaultConfigurationIsVisible = 0;
		};
/* End XCConfigurationList section */

/* Begin XCVersionGroup section */
		B9ED8B131DDA5AD10011FE25 /* ActivityTracker.xcdatamodeld */ = {
			isa = XCVersionGroup;
			children = (
				B9ED8B141DDA5AD10011FE25 /* ActivityTracker.xcdatamodel */,
			);
			currentVersion = B9ED8B141DDA5AD10011FE25 /* ActivityTracker.xcdatamodel */;
			path = ActivityTracker.xcdatamodeld;
			sourceTree = "<group>";
			versionGroupType = wrapper.xcdatamodel;
		};
/* End XCVersionGroup section */
	};
	rootObject = B9ED8B061DDA5AD10011FE25 /* Project object */;
}
